Microsoft Visual Studio Solution File, Format Version 12.00
# Visual Studio Version 17
VisualStudioVersion = 17.5.2.0
MinimumVisualStudioVersion = 10.0.40219.1
Project("{FAE04EC0-301F-11D3-BF4B-00C04F79EFBC}") = "DiceGame", "DiceGame.csproj", "{83F1EF9A-C747-E143-A045-C05FC82A1274}"
EndProject
Global
	GlobalSection(SolutionConfigurationPlatforms) = preSolution
		Debug|Any CPU = Debug|Any CPU
		Release|Any CPU = Release|Any CPU
	EndGlobalSection
	GlobalSection(ProjectConfigurationPlatforms) = postSolution
		{83F1EF9A-C747-E143-A045-C05FC82A1274}.Debug|Any CPU.ActiveCfg = Debug|Any CPU
		{83F1EF9A-C747-E143-A045-C05FC82A1274}.Debug|Any CPU.Build.0 = Debug|Any CPU
		{83F1EF9A-C747-E143-A045-C05FC82A1274}.Release|Any CPU.ActiveCfg = Release|Any CPU
		{83F1EF9A-C747-E143-A045-C05FC82A1274}.Release|Any CPU.Build.0 = Release|Any CPU
	EndGlobalSection
	GlobalSection(SolutionProperties) = preSolution
		HideSolutionNode = FALSE
	EndGlobalSection
	GlobalSection(ExtensibilityGlobals) = postSolution
		SolutionGuid = {308D3E90-98CD-4050-8457-5116F071A4B9}
	EndGlobalSection
EndGlobal
